
Microsoft Visual Studio Solution File, Format Version 12.00
# Visual Studio 14
VisualStudioVersion = 14.0.25420.1
MinimumVisualStudioVersion = 10.0.40219.1
Project("{FAE04EC0-301F-11D3-BF4B-00C04F79EFBC}") = "QA_Gnehmigungsworkflow", "QA_Gnehmigungsworkflow\QA_Gnehmigungsworkflow.csproj", "{F237D46A-C35B-4E63-A9AE-7810955BE5F0}"
EndProject
Project("{2150E333-8FDC-42A3-9474-1A3956D46DE8}") = "Dlls", "Dlls", "{5695F623-7C74-4895-9F55-3AD76D43881F}"
	ProjectSection(SolutionItems) = preProject
		Dlls\Microsoft.Office.Server.dll = Dlls\Microsoft.Office.Server.dll
		Dlls\Microsoft.SharePoint.Client.ServerRuntime.dll = Dlls\Microsoft.SharePoint.Client.ServerRuntime.dll
	EndProjectSection
EndProject
Global
	GlobalSection(SolutionConfigurationPlatforms) = preSolution
		Debug|Any CPU = Debug|Any CPU
		Release|Any CPU = Release|Any CPU
	EndGlobalSection
	GlobalSection(ProjectConfigurationPlatforms) = postSolution
		{F237D46A-C35B-4E63-A9AE-7810955BE5F0}.Debug|Any CPU.ActiveCfg = Debug|Any CPU
		{F237D46A-C35B-4E63-A9AE-7810955BE5F0}.Debug|Any CPU.Build.0 = Debug|Any CPU
		{F237D46A-C35B-4E63-A9AE-7810955BE5F0}.Debug|Any CPU.Deploy.0 = Debug|Any CPU
		{F237D46A-C35B-4E63-A9AE-7810955BE5F0}.Release|Any CPU.ActiveCfg = Release|Any CPU
		{F237D46A-C35B-4E63-A9AE-7810955BE5F0}.Release|Any CPU.Build.0 = Release|Any CPU
		{F237D46A-C35B-4E63-A9AE-7810955BE5F0}.Release|Any CPU.Deploy.0 = Release|Any CPU
	EndGlobalSection
	GlobalSection(SolutionProperties) = preSolution
		HideSolutionNode = FALSE
	EndGlobalSection
EndGlobal
